
Microsoft Visual Studio Solution File, Format Version 12.00
# Visual Studio Version 17
VisualStudioVersion = 17.4.33110.190
MinimumVisualStudioVersion = 10.0.40219.1
Project("{9A19103F-16F7-4668-BE54-9A1E7A4F7556}") = "WebAppMVCWeapon", "WebAppMVCWeapon\WebAppMVCWeapon.csproj", "{DA26FBF3-930D-4EC9-A1E5-7630169F9043}"
EndProject
Project("{9A19103F-16F7-4668-BE54-9A1E7A4F7556}") = "TestProjectMVCWeapon", "TestProjectMVCWeapon\TestProjectMVCWeapon.csproj", "{D8E4056C-D506-4BC0-B786-DF6D65AA7798}"
EndProject
Project("{9A19103F-16F7-4668-BE54-9A1E7A4F7556}") = "Currency", "..\..\Week 14\WebAppCurrency\Currency\Currency\Currency.csproj", "{F1AAB023-754B-4CBA-AD5E-51FC4886653F}"
EndProject
Global
	GlobalSection(SolutionConfigurationPlatforms) = preSolution
		Debug|Any CPU = Debug|Any CPU
		Release|Any CPU = Release|Any CPU
	EndGlobalSection
	GlobalSection(ProjectConfigurationPlatforms) = postSolution
		{DA26FBF3-930D-4EC9-A1E5-7630169F9043}.Debug|Any CPU.ActiveCfg = Debug|Any CPU
		{DA26FBF3-930D-4EC9-A1E5-7630169F9043}.Debug|Any CPU.Build.0 = Debug|Any CPU
		{DA26FBF3-930D-4EC9-A1E5-7630169F9043}.Release|Any CPU.ActiveCfg = Release|Any CPU
		{DA26FBF3-930D-4EC9-A1E5-7630169F9043}.Release|Any CPU.Build.0 = Release|Any CPU
		{D8E4056C-D506-4BC0-B786-DF6D65AA7798}.Debug|Any CPU.ActiveCfg = Debug|Any CPU
		{D8E4056C-D506-4BC0-B786-DF6D65AA7798}.Debug|Any CPU.Build.0 = Debug|Any CPU
		{D8E4056C-D506-4BC0-B786-DF6D65AA7798}.Release|Any CPU.ActiveCfg = Release|Any CPU
		{D8E4056C-D506-4BC0-B786-DF6D65AA7798}.Release|Any CPU.Build.0 = Release|Any CPU
		{F1AAB023-754B-4CBA-AD5E-51FC4886653F}.Debug|Any CPU.ActiveCfg = Debug|Any CPU
		{F1AAB023-754B-4CBA-AD5E-51FC4886653F}.Debug|Any CPU.Build.0 = Debug|Any CPU
		{F1AAB023-754B-4CBA-AD5E-51FC4886653F}.Release|Any CPU.ActiveCfg = Release|Any CPU
		{F1AAB023-754B-4CBA-AD5E-51FC4886653F}.Release|Any CPU.Build.0 = Release|Any CPU
	EndGlobalSection
	GlobalSection(SolutionProperties) = preSolution
		HideSolutionNode = FALSE
	EndGlobalSection
	GlobalSection(ExtensibilityGlobals) = postSolution
		SolutionGuid = {85A403BC-8EBF-4ED5-BFFC-1EF30C88EFA8}
	EndGlobalSection
EndGlobal
