
Microsoft Visual Studio Solution File, Format Version 12.00
# Visual Studio Version 17
VisualStudioVersion = 17.3.32825.248
MinimumVisualStudioVersion = 10.0.40219.1
Project("{FAE04EC0-301F-11D3-BF4B-00C04F79EFBC}") = "Currency", "Currency\Currency.csproj", "{BF9E897D-73AF-495F-919C-BBB0DC641DB8}"
EndProject
Project("{FAE04EC0-301F-11D3-BF4B-00C04F79EFBC}") = "UnitTestsCurrency", "UnitTestsCurrency\UnitTestsCurrency.csproj", "{B70446A3-94D5-47CC-BB01-CEDFFDFD4C9C}"
EndProject
Global
	GlobalSection(SolutionConfigurationPlatforms) = preSolution
		Debug|Any CPU = Debug|Any CPU
		Release|Any CPU = Release|Any CPU
	EndGlobalSection
	GlobalSection(ProjectConfigurationPlatforms) = postSolution
		{BF9E897D-73AF-495F-919C-BBB0DC641DB8}.Debug|Any CPU.ActiveCfg = Debug|Any CPU
		{BF9E897D-73AF-495F-919C-BBB0DC641DB8}.Debug|Any CPU.Build.0 = Debug|Any CPU
		{BF9E897D-73AF-495F-919C-BBB0DC641DB8}.Release|Any CPU.ActiveCfg = Release|Any CPU
		{BF9E897D-73AF-495F-919C-BBB0DC641DB8}.Release|Any CPU.Build.0 = Release|Any CPU
		{B70446A3-94D5-47CC-BB01-CEDFFDFD4C9C}.Debug|Any CPU.ActiveCfg = Debug|Any CPU
		{B70446A3-94D5-47CC-BB01-CEDFFDFD4C9C}.Debug|Any CPU.Build.0 = Debug|Any CPU
		{B70446A3-94D5-47CC-BB01-CEDFFDFD4C9C}.Release|Any CPU.ActiveCfg = Release|Any CPU
		{B70446A3-94D5-47CC-BB01-CEDFFDFD4C9C}.Release|Any CPU.Build.0 = Release|Any CPU
	EndGlobalSection
	GlobalSection(SolutionProperties) = preSolution
		HideSolutionNode = FALSE
	EndGlobalSection
	GlobalSection(ExtensibilityGlobals) = postSolution
		SolutionGuid = {E94126EA-BE0C-499D-B146-D2B63F0E5FB6}
	EndGlobalSection
EndGlobal
